
Microsoft Visual Studio Solution File, Format Version 12.00
# Visual Studio Version 16
VisualStudioVersion = 16.0.31729.503
MinimumVisualStudioVersion = 10.0.40219.1
Project("{FAE04EC0-301F-11D3-BF4B-00C04F79EFBC}") = "MissingEventFlagsChecker", "MissingEventFlagsChecker.csproj", "{CA18DD64-B1FF-4B59-A8B2-E5505C9751FE}"
EndProject
Global
	GlobalSection(SolutionConfigurationPlatforms) = preSolution
		Debug|Any CPU = Debug|Any CPU
		Release|Any CPU = Release|Any CPU
	EndGlobalSection
	GlobalSection(ProjectConfigurationPlatforms) = postSolution
		{CA18DD64-B1FF-4B59-A8B2-E5505C9751FE}.Debug|Any CPU.ActiveCfg = Debug|Any CPU
		{CA18DD64-B1FF-4B59-A8B2-E5505C9751FE}.Debug|Any CPU.Build.0 = Debug|Any CPU
		{CA18DD64-B1FF-4B59-A8B2-E5505C9751FE}.Release|Any CPU.ActiveCfg = Release|Any CPU
		{CA18DD64-B1FF-4B59-A8B2-E5505C9751FE}.Release|Any CPU.Build.0 = Release|Any CPU
	EndGlobalSection
	GlobalSection(SolutionProperties) = preSolution
		HideSolutionNode = FALSE
	EndGlobalSection
	GlobalSection(ExtensibilityGlobals) = postSolution
		SolutionGuid = {62714277-F3C3-41FC-A5A9-A0383CF8CE4D}
	EndGlobalSection
EndGlobal
